
Microsoft Visual Studio Solution File, Format Version 12.00
Project("{FAE04EC0-301F-11D3-BF4B-00C04F79EFBC}") = "StarAttribute", "StarAttribute.csproj", "{9C469702-6DE1-4B30-97CA-06D266F77C12}"
EndProject
Global
	GlobalSection(SolutionConfigurationPlatforms) = preSolution
		Debug|Any CPU = Debug|Any CPU
		Release|Any CPU = Release|Any CPU
	EndGlobalSection
	GlobalSection(ProjectConfigurationPlatforms) = postSolution
		{9C469702-6DE1-4B30-97CA-06D266F77C12}.Debug|Any CPU.ActiveCfg = Debug|Any CPU
		{9C469702-6DE1-4B30-97CA-06D266F77C12}.Debug|Any CPU.Build.0 = Debug|Any CPU
		{9C469702-6DE1-4B30-97CA-06D266F77C12}.Release|Any CPU.ActiveCfg = Release|Any CPU
		{9C469702-6DE1-4B30-97CA-06D266F77C12}.Release|Any CPU.Build.0 = Release|Any CPU
	EndGlobalSection
EndGlobal
